// !$*UTF8*$!
{
	archiveVersion = 1;
	classes = {
	};
	objectVersion = 46;
	objects = {

/* Begin PBXBuildFile section */
		D401E9D61CD1BD0300599E0B /* NSString+Character.m in Sources */ = {isa = PBXBuildFile; fileRef = D401E9D51CD1BD0300599E0B /* NSString+Character.m */; };
		D401E9D91CD1BD5D00599E0B /* NSString+KeyValue.m in Sources */ = {isa = PBXBuildFile; fileRef = D401E9D81CD1BD5D00599E0B /* NSString+KeyValue.m */; };
		D401E9DC1CD1BD6900599E0B /* NSDictionary+KeyValue.m in Sources */ = {isa = PBXBuildFile; fileRef = D401E9DB1CD1BD6900599E0B /* NSDictionary+KeyValue.m */; };
		D401E9EF1CD1DE1200599E0B /* JsonSerialize.m in Sources */ = {isa = PBXBuildFile; fileRef = D401E9E21CD1DE1200599E0B /* JsonSerialize.m */; };
		D401E9F01CD1DE1200599E0B /* NSCoder+DataedEncoding.m in Sources */ = {isa = PBXBuildFile; fileRef = D401E9E51CD1DE1200599E0B /* NSCoder+DataedEncoding.m */; };
		D401E9F11CD1DE1200599E0B /* XMLUtility.m in Sources */ = {isa = PBXBuildFile; fileRef = D401E9E91CD1DE1200599E0B /* XMLUtility.m */; };
		D401E9F21CD1DE1200599E0B /* XMLSprite.m in Sources */ = {isa = PBXBuildFile; fileRef = D401E9EC1CD1DE1200599E0B /* XMLSprite.m */; };
		D401E9F31CD1DE1200599E0B /* XMLSpriteSerialize.m in Sources */ = {isa = PBXBuildFile; fileRef = D401E9EE1CD1DE1200599E0B /* XMLSpriteSerialize.m */; };
		D401E9FA1CD1E0FA00599E0B /* FileListener.m in Sources */ = {isa = PBXBuildFile; fileRef = D401E9F91CD1E0FA00599E0B /* FileListener.m */; };
		D4D5CAC01CD0AD7400CD1860 /* DataCompressor.m in Sources */ = {isa = PBXBuildFile; fileRef = D4D5CAB41CD0AD7400CD1860 /* DataCompressor.m */; };
		D4D5CAC11CD0AD7400CD1860 /* DeflateCompressor.m in Sources */ = {isa = PBXBuildFile; fileRef = D4D5CAB61CD0AD7400CD1860 /* DeflateCompressor.m */; };
		D4D5CAC21CD0AD7400CD1860 /* GzipCompressor.m in Sources */ = {isa = PBXBuildFile; fileRef = D4D5CAB81CD0AD7400CD1860 /* GzipCompressor.m */; };
		D4D5CAC31CD0AD7400CD1860 /* DataDecompressor.m in Sources */ = {isa = PBXBuildFile; fileRef = D4D5CABB1CD0AD7400CD1860 /* DataDecompressor.m */; };
		D4D5CAC41CD0AD7400CD1860 /* DeflateDecompressor.m in Sources */ = {isa = PBXBuildFile; fileRef = D4D5CABD1CD0AD7400CD1860 /* DeflateDecompressor.m */; };
		D4D5CAC51CD0AD7400CD1860 /* GzipDecompressor.m in Sources */ = {isa = PBXBuildFile; fileRef = D4D5CABF1CD0AD7400CD1860 /* GzipDecompressor.m */; };
		D4D5CAC71CD0AE1600CD1860 /* libz.1.2.5.tbd in Frameworks */ = {isa = PBXBuildFile; fileRef = D4D5CAC61CD0AE1600CD1860 /* libz.1.2.5.tbd */; };
		D4D5CAE51CD0B6F500CD1860 /* libxml2.2.tbd in Frameworks */ = {isa = PBXBuildFile; fileRef = D4D5CAE41CD0B6F500CD1860 /* libxml2.2.tbd */; };
		D4D5CB011CD0BB7800CD1860 /* NotificationBlockLoader.m in Sources */ = {isa = PBXBuildFile; fileRef = D4D5CAF81CD0BB7800CD1860 /* NotificationBlockLoader.m */; };
		D4D5CB021CD0BB7800CD1860 /* NotificationObserver.m in Sources */ = {isa = PBXBuildFile; fileRef = D4D5CAFA1CD0BB7800CD1860 /* NotificationObserver.m */; };
		D4D5CB031CD0BB7800CD1860 /* NotificationObservingSet.m in Sources */ = {isa = PBXBuildFile; fileRef = D4D5CAFC1CD0BB7800CD1860 /* NotificationObservingSet.m */; };
		D4D5CB051CD0BB7800CD1860 /* NSObject+Delegate.m in Sources */ = {isa = PBXBuildFile; fileRef = D4D5CB001CD0BB7800CD1860 /* NSObject+Delegate.m */; };
		D4D5CEDF1CD0BC6800CD1860 /* StateMachine.m in Sources */ = {isa = PBXBuildFile; fileRef = D4D5CEDE1CD0BC6800CD1860 /* StateMachine.m */; };
		D4D5CF211CD0C53700CD1860 /* DBDefine.m in Sources */ = {isa = PBXBuildFile; fileRef = D4D5CEEA1CD0C53700CD1860 /* DBDefine.m */; };
		D4D5CF221CD0C53700CD1860 /* DBHandle.m in Sources */ = {isa = PBXBuildFile; fileRef = D4D5CEEC1CD0C53700CD1860 /* DBHandle.m */; };
		D4D5CF231CD0C53700CD1860 /* DBLog.m in Sources */ = {isa = PBXBuildFile; fileRef = D4D5CEEE1CD0C53700CD1860 /* DBLog.m */; };
		D4D5CF241CD0C53700CD1860 /* DBMachine.m in Sources */ = {isa = PBXBuildFile; fileRef = D4D5CEF01CD0C53700CD1860 /* DBMachine.m */; };
		D4D5CF251CD0C53700CD1860 /* DBSQL.m in Sources */ = {isa = PBXBuildFile; fileRef = D4D5CEF21CD0C53700CD1860 /* DBSQL.m */; };
		D4D5CF261CD0C53700CD1860 /* DBTable.m in Sources */ = {isa = PBXBuildFile; fileRef = D4D5CEF51CD0C53700CD1860 /* DBTable.m */; };
		D4D5CF271CD0C53700CD1860 /* DBFormat.m in Sources */ = {isa = PBXBuildFile; fileRef = D4D5CEF81CD0C53700CD1860 /* DBFormat.m */; };
		D4D5CF281CD0C53700CD1860 /* DBSQL_Extension.m in Sources */ = {isa = PBXBuildFile; fileRef = D4D5CEFA1CD0C53700CD1860 /* DBSQL_Extension.m */; };
		D4D5CF291CD0C53700CD1860 /* DataBaseTable.m in Sources */ = {isa = PBXBuildFile; fileRef = D4D5CEFD1CD0C53700CD1860 /* DataBaseTable.m */; };
		D4D5CF2A1CD0C53700CD1860 /* DataBaseUnit.m in Sources */ = {isa = PBXBuildFile; fileRef = D4D5CEFF1CD0C53700CD1860 /* DataBaseUnit.m */; };
		D4D5CF2B1CD0C53700CD1860 /* BlockTask.m in Sources */ = {isa = PBXBuildFile; fileRef = D4D5CF021CD0C53700CD1860 /* BlockTask.m */; };
		D4D5CF2C1CD0C53700CD1860 /* FoundationTask.m in Sources */ = {isa = PBXBuildFile; fileRef = D4D5CF041CD0C53700CD1860 /* FoundationTask.m */; };
		D4D5CF2D1CD0C53700CD1860 /* TaskingTask.m in Sources */ = {isa = PBXBuildFile; fileRef = D4D5CF061CD0C53700CD1860 /* TaskingTask.m */; };
		D4D5CF2E1CD0C53700CD1860 /* SPTaskConfiguration.m in Sources */ = {isa = PBXBuildFile; fileRef = D4D5CF0A1CD0C53700CD1860 /* SPTaskConfiguration.m */; };
		D4D5CF2F1CD0C53700CD1860 /* SPTaskBackgroundPool.m in Sources */ = {isa = PBXBuildFile; fileRef = D4D5CF0D1CD0C53700CD1860 /* SPTaskBackgroundPool.m */; };
		D4D5CF301CD0C53700CD1860 /* SPTaskDaemonPool.m in Sources */ = {isa = PBXBuildFile; fileRef = D4D5CF0F1CD0C53700CD1860 /* SPTaskDaemonPool.m */; };
		D4D5CF311CD0C53700CD1860 /* SPTaskFreePool.m in Sources */ = {isa = PBXBuildFile; fileRef = D4D5CF111CD0C53700CD1860 /* SPTaskFreePool.m */; };
		D4D5CF321CD0C53700CD1860 /* SPTaskPool.m in Sources */ = {isa = PBXBuildFile; fileRef = D4D5CF131CD0C53700CD1860 /* SPTaskPool.m */; };
		D4D5CF331CD0C53700CD1860 /* SPTaskServiceProvider.m in Sources */ = {isa = PBXBuildFile; fileRef = D4D5CF161CD0C53700CD1860 /* SPTaskServiceProvider.m */; };
		D4D5CF341CD0C53700CD1860 /* SPTask.m in Sources */ = {isa = PBXBuildFile; fileRef = D4D5CF191CD0C53700CD1860 /* SPTask.m */; };
		D4D5CF351CD0C53700CD1860 /* SPTaskBlockLoader.m in Sources */ = {isa = PBXBuildFile; fileRef = D4D5CF1B1CD0C53700CD1860 /* SPTaskBlockLoader.m */; };
		D4D5CF361CD0C53700CD1860 /* SPTaskQueue.m in Sources */ = {isa = PBXBuildFile; fileRef = D4D5CF1D1CD0C53700CD1860 /* SPTaskQueue.m */; };
		D4D5CF371CD0C53700CD1860 /* SPTaskDispatcher.m in Sources */ = {isa = PBXBuildFile; fileRef = D4D5CF201CD0C53700CD1860 /* SPTaskDispatcher.m */; };
		D4D5CF491CD0C69000CD1860 /* IPRouteTraceHandle.m in Sources */ = {isa = PBXBuildFile; fileRef = D4D5CF3D1CD0C69000CD1860 /* IPRouteTraceHandle.m */; };
		D4D5CF4A1CD0C69000CD1860 /* IPRouteItem.m in Sources */ = {isa = PBXBuildFile; fileRef = D4D5CF401CD0C69000CD1860 /* IPRouteItem.m */; };
		D4D5CF4B1CD0C69000CD1860 /* IPRouteTraceCenter.m in Sources */ = {isa = PBXBuildFile; fileRef = D4D5CF421CD0C69000CD1860 /* IPRouteTraceCenter.m */; };
		D4D5CF4C1CD0C69000CD1860 /* IPRouteTraceObserver.m in Sources */ = {isa = PBXBuildFile; fileRef = D4D5CF451CD0C69000CD1860 /* IPRouteTraceObserver.m */; };
		D4D5CF4D1CD0C69000CD1860 /* IPRouteTracer.m in Sources */ = {isa = PBXBuildFile; fileRef = D4D5CF471CD0C69000CD1860 /* IPRouteTracer.m */; };
		D4D5CF4F1CD0C7FF00CD1860 /* libsqlite3.tbd in Frameworks */ = {isa = PBXBuildFile; fileRef = D4D5CF4E1CD0C7FF00CD1860 /* libsqlite3.tbd */; };
		D4E3EA2F1CC8A52B00A7987E /* main.m in Sources */ = {isa = PBXBuildFile; fileRef = D4E3EA2E1CC8A52B00A7987E /* main.m */; };
		D4E3EA321CC8A52B00A7987E /* AppDelegate.m in Sources */ = {isa = PBXBuildFile; fileRef = D4E3EA311CC8A52B00A7987E /* AppDelegate.m */; };
		D4E3EA351CC8A52B00A7987E /* ViewController.m in Sources */ = {isa = PBXBuildFile; fileRef = D4E3EA341CC8A52B00A7987E /* ViewController.m */; };
		D4E3EA381CC8A52B00A7987E /* Main.storyboard in Resources */ = {isa = PBXBuildFile; fileRef = D4E3EA361CC8A52B00A7987E /* Main.storyboard */; };
		D4E3EA3A1CC8A52B00A7987E /* Assets.xcassets in Resources */ = {isa = PBXBuildFile; fileRef = D4E3EA391CC8A52B00A7987E /* Assets.xcassets */; };
		D4E3EA3D1CC8A52B00A7987E /* LaunchScreen.storyboard in Resources */ = {isa = PBXBuildFile; fileRef = D4E3EA3B1CC8A52B00A7987E /* LaunchScreen.storyboard */; };
		D4E3EA801CC8C34F00A7987E /* HTTPMultipartFormEntity.m in Sources */ = {isa = PBXBuildFile; fileRef = D4E3EA761CC8C34F00A7987E /* HTTPMultipartFormEntity.m */; };
		D4E3EA821CC8C34F00A7987E /* HTTPConnectionInputStream+HTTPMultipartForm.m in Sources */ = {isa = PBXBuildFile; fileRef = D4E3EA7C1CC8C34F00A7987E /* HTTPConnectionInputStream+HTTPMultipartForm.m */; };
		D4E3EA831CC8C34F00A7987E /* HTTPMultipartFormEntity+HTTPConnectionInputStreamChunk.m in Sources */ = {isa = PBXBuildFile; fileRef = D4E3EA7E1CC8C34F00A7987E /* HTTPMultipartFormEntity+HTTPConnectionInputStreamChunk.m */; };
		D4E3EA9F1CC8C39200A7987E /* HTTPDataConnection.m in Sources */ = {isa = PBXBuildFile; fileRef = D4E3EA881CC8C39200A7987E /* HTTPDataConnection.m */; };
		D4E3EAA01CC8C39200A7987E /* HTTPConnectionResumeStorage.m in Sources */ = {isa = PBXBuildFile; fileRef = D4E3EA8B1CC8C39200A7987E /* HTTPConnectionResumeStorage.m */; };
		D4E3EAA11CC8C39200A7987E /* HTTPDownloadConnection.m in Sources */ = {isa = PBXBuildFile; fileRef = D4E3EA8D1CC8C39200A7987E /* HTTPDownloadConnection.m */; };
		D4E3EAA21CC8C39200A7987E /* HTTPConnection.m in Sources */ = {isa = PBXBuildFile; fileRef = D4E3EA8F1CC8C39200A7987E /* HTTPConnection.m */; };
		D4E3EAA31CC8C39200A7987E /* HTTPConnectionInputStream.m in Sources */ = {isa = PBXBuildFile; fileRef = D4E3EA931CC8C39200A7987E /* HTTPConnectionInputStream.m */; };
		D4E3EAA41CC8C39200A7987E /* HTTPConnectionInputStreamChunk.m in Sources */ = {isa = PBXBuildFile; fileRef = D4E3EA951CC8C39200A7987E /* HTTPConnectionInputStreamChunk.m */; };
		D4E3EAA51CC8C39200A7987E /* HTTPUploadConnection.m in Sources */ = {isa = PBXBuildFile; fileRef = D4E3EA981CC8C39200A7987E /* HTTPUploadConnection.m */; };
		D4E3EAA61CC8C39200A7987E /* HTTPSession.m in Sources */ = {isa = PBXBuildFile; fileRef = D4E3EA9B1CC8C39200A7987E /* HTTPSession.m */; };
		D4E3EAA71CC8C39200A7987E /* NSURLSessionTask+Delegate.m in Sources */ = {isa = PBXBuildFile; fileRef = D4E3EA9E1CC8C39200A7987E /* NSURLSessionTask+Delegate.m */; };
		D4E3EAAB1CC8C6F600A7987E /* HTTPMultipartFormPartContentDisposition.m in Sources */ = {isa = PBXBuildFile; fileRef = D4E3EAAA1CC8C6F600A7987E /* HTTPMultipartFormPartContentDisposition.m */; };
		D4E3EAB31CC8DA6B00A7987E /* NSString+URLEncode.m in Sources */ = {isa = PBXBuildFile; fileRef = D4E3EAB21CC8DA6B00A7987E /* NSString+URLEncode.m */; };
		D4E3EABF1CC8DCAC00A7987E /* NSData+AES.m in Sources */ = {isa = PBXBuildFile; fileRef = D4E3EABE1CC8DCAC00A7987E /* NSData+AES.m */; };
		D4E3EAC21CC8DD1500A7987E /* NSData+MD5.m in Sources */ = {isa = PBXBuildFile; fileRef = D4E3EAC11CC8DD1500A7987E /* NSData+MD5.m */; };
		D4E3EAC51CC8DE8000A7987E /* NSFileHandle+MD5.m in Sources */ = {isa = PBXBuildFile; fileRef = D4E3EAC41CC8DE8000A7987E /* NSFileHandle+MD5.m */; };
/* End PBXBuildFile section */

/* Begin PBXFileReference section */
		D401E9D41CD1BD0300599E0B /* NSString+Character.h */ = {isa = PBXFileReference; fileEncoding = 4; lastKnownFileType = sourcecode.c.h; path = "NSString+Character.h"; sourceTree = "<group>"; };
		D401E9D51CD1BD0300599E0B /* NSString+Character.m */ = {isa = PBXFileReference; fileEncoding = 4; lastKnownFileType = sourcecode.c.objc; path = "NSString+Character.m"; sourceTree = "<group>"; };
		D401E9D71CD1BD5D00599E0B /* NSString+KeyValue.h */ = {isa = PBXFileReference; fileEncoding = 4; lastKnownFileType = sourcecode.c.h; path = "NSString+KeyValue.h"; sourceTree = "<group>"; };
		D401E9D81CD1BD5D00599E0B /* NSString+KeyValue.m */ = {isa = PBXFileReference; fileEncoding = 4; lastKnownFileType = sourcecode.c.objc; path = "NSString+KeyValue.m"; sourceTree = "<group>"; };
		D401E9DA1CD1BD6900599E0B /* NSDictionary+KeyValue.h */ = {isa = PBXFileReference; fileEncoding = 4; lastKnownFileType = sourcecode.c.h; path = "NSDictionary+KeyValue.h"; sourceTree = "<group>"; };
		D401E9DB1CD1BD6900599E0B /* NSDictionary+KeyValue.m */ = {isa = PBXFileReference; fileEncoding = 4; lastKnownFileType = sourcecode.c.objc; path = "NSDictionary+KeyValue.m"; sourceTree = "<group>"; };
		D401E9E11CD1DE1200599E0B /* JsonSerialize.h */ = {isa = PBXFileReference; fileEncoding = 4; lastKnownFileType = sourcecode.c.h; path = JsonSerialize.h; sourceTree = "<group>"; };
		D401E9E21CD1DE1200599E0B /* JsonSerialize.m */ = {isa = PBXFileReference; fileEncoding = 4; lastKnownFileType = sourcecode.c.objc; path = JsonSerialize.m; sourceTree = "<group>"; };
		D401E9E41CD1DE1200599E0B /* NSCoder+DataedEncoding.h */ = {isa = PBXFileReference; fileEncoding = 4; lastKnownFileType = sourcecode.c.h; path = "NSCoder+DataedEncoding.h"; sourceTree = "<group>"; };
		D401E9E51CD1DE1200599E0B /* NSCoder+DataedEncoding.m */ = {isa = PBXFileReference; fileEncoding = 4; lastKnownFileType = sourcecode.c.objc; path = "NSCoder+DataedEncoding.m"; sourceTree = "<group>"; };
		D401E9E81CD1DE1200599E0B /* XMLUtility.h */ = {isa = PBXFileReference; fileEncoding = 4; lastKnownFileType = sourcecode.c.h; path = XMLUtility.h; sourceTree = "<group>"; };
		D401E9E91CD1DE1200599E0B /* XMLUtility.m */ = {isa = PBXFileReference; fileEncoding = 4; lastKnownFileType = sourcecode.c.objc; path = XMLUtility.m; sourceTree = "<group>"; };
		D401E9EB1CD1DE1200599E0B /* XMLSprite.h */ = {isa = PBXFileReference; fileEncoding = 4; lastKnownFileType = sourcecode.c.h; path = XMLSprite.h; sourceTree = "<group>"; };
		D401E9EC1CD1DE1200599E0B /* XMLSprite.m */ = {isa = PBXFileReference; fileEncoding = 4; lastKnownFileType = sourcecode.c.objc; path = XMLSprite.m; sourceTree = "<group>"; };
		D401E9ED1CD1DE1200599E0B /* XMLSpriteSerialize.h */ = {isa = PBXFileReference; fileEncoding = 4; lastKnownFileType = sourcecode.c.h; path = XMLSpriteSerialize.h; sourceTree = "<group>"; };
		D401E9EE1CD1DE1200599E0B /* XMLSpriteSerialize.m */ = {isa = PBXFileReference; fileEncoding = 4; lastKnownFileType = sourcecode.c.objc; path = XMLSpriteSerialize.m; sourceTree = "<group>"; };
		D401E9F81CD1E0FA00599E0B /* FileListener.h */ = {isa = PBXFileReference; fileEncoding = 4; lastKnownFileType = sourcecode.c.h; path = FileListener.h; sourceTree = "<group>"; };
		D401E9F91CD1E0FA00599E0B /* FileListener.m */ = {isa = PBXFileReference; fileEncoding = 4; lastKnownFileType = sourcecode.c.objc; path = FileListener.m; sourceTree = "<group>"; };
		D4D5CAB31CD0AD7400CD1860 /* DataCompressor.h */ = {isa = PBXFileReference; fileEncoding = 4; lastKnownFileType = sourcecode.c.h; path = DataCompressor.h; sourceTree = "<group>"; };
		D4D5CAB41CD0AD7400CD1860 /* DataCompressor.m */ = {isa = PBXFileReference; fileEncoding = 4; lastKnownFileType = sourcecode.c.objc; path = DataCompressor.m; sourceTree = "<group>"; };
		D4D5CAB51CD0AD7400CD1860 /* DeflateCompressor.h */ = {isa = PBXFileReference; fileEncoding = 4; lastKnownFileType = sourcecode.c.h; path = DeflateCompressor.h; sourceTree = "<group>"; };
		D4D5CAB61CD0AD7400CD1860 /* DeflateCompressor.m */ = {isa = PBXFileReference; fileEncoding = 4; lastKnownFileType = sourcecode.c.objc; path = DeflateCompressor.m; sourceTree = "<group>"; };
		D4D5CAB71CD0AD7400CD1860 /* GzipCompressor.h */ = {isa = PBXFileReference; fileEncoding = 4; lastKnownFileType = sourcecode.c.h; path = GzipCompressor.h; sourceTree = "<group>"; };
		D4D5CAB81CD0AD7400CD1860 /* GzipCompressor.m */ = {isa = PBXFileReference; fileEncoding = 4; lastKnownFileType = sourcecode.c.objc; path = GzipCompressor.m; sourceTree = "<group>"; };
		D4D5CABA1CD0AD7400CD1860 /* DataDecompressor.h */ = {isa = PBXFileReference; fileEncoding = 4; lastKnownFileType = sourcecode.c.h; path = DataDecompressor.h; sourceTree = "<group>"; };
		D4D5CABB1CD0AD7400CD1860 /* DataDecompressor.m */ = {isa = PBXFileReference; fileEncoding = 4; lastKnownFileType = sourcecode.c.objc; path = DataDecompressor.m; sourceTree = "<group>"; };
		D4D5CABC1CD0AD7400CD1860 /* DeflateDecompressor.h */ = {isa = PBXFileReference; fileEncoding = 4; lastKnownFileType = sourcecode.c.h; path = DeflateDecompressor.h; sourceTree = "<group>"; };
		D4D5CABD1CD0AD7400CD1860 /* DeflateDecompressor.m */ = {isa = PBXFileReference; fileEncoding = 4; lastKnownFileType = sourcecode.c.objc; path = DeflateDecompressor.m; sourceTree = "<group>"; };
		D4D5CABE1CD0AD7400CD1860 /* GzipDecompressor.h */ = {isa = PBXFileReference; fileEncoding = 4; lastKnownFileType = sourcecode.c.h; path = GzipDecompressor.h; sourceTree = "<group>"; };
		D4D5CABF1CD0AD7400CD1860 /* GzipDecompressor.m */ = {isa = PBXFileReference; fileEncoding = 4; lastKnownFileType = sourcecode.c.objc; path = GzipDecompressor.m; sourceTree = "<group>"; };
		D4D5CAC61CD0AE1600CD1860 /* libz.1.2.5.tbd */ = {isa = PBXFileReference; lastKnownFileType = "sourcecode.text-based-dylib-definition"; name = libz.1.2.5.tbd; path = usr/lib/libz.1.2.5.tbd; sourceTree = SDKROOT; };
		D4D5CAE41CD0B6F500CD1860 /* libxml2.2.tbd */ = {isa = PBXFileReference; lastKnownFileType = "sourcecode.text-based-dylib-definition"; name = libxml2.2.tbd; path = usr/lib/libxml2.2.tbd; sourceTree = SDKROOT; };
		D4D5CAF71CD0BB7800CD1860 /* NotificationBlockLoader.h */ = {isa = PBXFileReference; fileEncoding = 4; lastKnownFileType = sourcecode.c.h; path = NotificationBlockLoader.h; sourceTree = "<group>"; };
		D4D5CAF81CD0BB7800CD1860 /* NotificationBlockLoader.m */ = {isa = PBXFileReference; fileEncoding = 4; lastKnownFileType = sourcecode.c.objc; path = NotificationBlockLoader.m; sourceTree = "<group>"; };
		D4D5CAF91CD0BB7800CD1860 /* NotificationObserver.h */ = {isa = PBXFileReference; fileEncoding = 4; lastKnownFileType = sourcecode.c.h; path = NotificationObserver.h; sourceTree = "<group>"; };
		D4D5CAFA1CD0BB7800CD1860 /* NotificationObserver.m */ = {isa = PBXFileReference; fileEncoding = 4; lastKnownFileType = sourcecode.c.objc; path = NotificationObserver.m; sourceTree = "<group>"; };
		D4D5CAFB1CD0BB7800CD1860 /* NotificationObservingSet.h */ = {isa = PBXFileReference; fileEncoding = 4; lastKnownFileType = sourcecode.c.h; path = NotificationObservingSet.h; sourceTree = "<group>"; };
		D4D5CAFC1CD0BB7800CD1860 /* NotificationObservingSet.m */ = {isa = PBXFileReference; fileEncoding = 4; lastKnownFileType = sourcecode.c.objc; path = NotificationObservingSet.m; sourceTree = "<group>"; };
		D4D5CAFF1CD0BB7800CD1860 /* NSObject+Delegate.h */ = {isa = PBXFileReference; fileEncoding = 4; lastKnownFileType = sourcecode.c.h; path = "NSObject+Delegate.h"; sourceTree = "<group>"; };
		D4D5CB001CD0BB7800CD1860 /* NSObject+Delegate.m */ = {isa = PBXFileReference; fileEncoding = 4; lastKnownFileType = sourcecode.c.objc; path = "NSObject+Delegate.m"; sourceTree = "<group>"; };
		D4D5CEDD1CD0BC6800CD1860 /* StateMachine.h */ = {isa = PBXFileReference; fileEncoding = 4; lastKnownFileType = sourcecode.c.h; path = StateMachine.h; sourceTree = "<group>"; };
		D4D5CEDE1CD0BC6800CD1860 /* StateMachine.m */ = {isa = PBXFileReference; fileEncoding = 4; lastKnownFileType = sourcecode.c.objc; path = StateMachine.m; sourceTree = "<group>"; };
		D4D5CEE91CD0C53700CD1860 /* DBDefine.h */ = {isa = PBXFileReference; fileEncoding = 4; lastKnownFileType = sourcecode.c.h; path = DBDefine.h; sourceTree = "<group>"; };
		D4D5CEEA1CD0C53700CD1860 /* DBDefine.m */ = {isa = PBXFileReference; fileEncoding = 4; lastKnownFileType = sourcecode.c.objc; path = DBDefine.m; sourceTree = "<group>"; };
		D4D5CEEB1CD0C53700CD1860 /* DBHandle.h */ = {isa = PBXFileReference; fileEncoding = 4; lastKnownFileType = sourcecode.c.h; path = DBHandle.h; sourceTree = "<group>"; };
		D4D5CEEC1CD0C53700CD1860 /* DBHandle.m */ = {isa = PBXFileReference; fileEncoding = 4; lastKnownFileType = sourcecode.c.objc; path = DBHandle.m; sourceTree = "<group>"; };
		D4D5CEED1CD0C53700CD1860 /* DBLog.h */ = {isa = PBXFileReference; fileEncoding = 4; lastKnownFileType = sourcecode.c.h; path = DBLog.h; sourceTree = "<group>"; };
		D4D5CEEE1CD0C53700CD1860 /* DBLog.m */ = {isa = PBXFileReference; fileEncoding = 4; lastKnownFileType = sourcecode.c.objc; path = DBLog.m; sourceTree = "<group>"; };
		D4D5CEEF1CD0C53700CD1860 /* DBMachine.h */ = {isa = PBXFileReference; fileEncoding = 4; lastKnownFileType = sourcecode.c.h; path = DBMachine.h; sourceTree = "<group>"; };
		D4D5CEF01CD0C53700CD1860 /* DBMachine.m */ = {isa = PBXFileReference; fileEncoding = 4; lastKnownFileType = sourcecode.c.objc; path = DBMachine.m; sourceTree = "<group>"; };
		D4D5CEF11CD0C53700CD1860 /* DBSQL.h */ = {isa = PBXFileReference; fileEncoding = 4; lastKnownFileType = sourcecode.c.h; path = DBSQL.h; sourceTree = "<group>"; };
		D4D5CEF21CD0C53700CD1860 /* DBSQL.m */ = {isa = PBXFileReference; fileEncoding = 4; lastKnownFileType = sourcecode.c.objc; path = DBSQL.m; sourceTree = "<group>"; };
		D4D5CEF41CD0C53700CD1860 /* DBTable.h */ = {isa = PBXFileReference; fileEncoding = 4; lastKnownFileType = sourcecode.c.h; path = DBTable.h; sourceTree = "<group>"; };
		D4D5CEF51CD0C53700CD1860 /* DBTable.m */ = {isa = PBXFileReference; fileEncoding = 4; lastKnownFileType = sourcecode.c.objc; path = DBTable.m; sourceTree = "<group>"; };
		D4D5CEF71CD0C53700CD1860 /* DBFormat.h */ = {isa = PBXFileReference; fileEncoding = 4; lastKnownFileType = sourcecode.c.h; path = DBFormat.h; sourceTree = "<group>"; };
		D4D5CEF81CD0C53700CD1860 /* DBFormat.m */ = {isa = PBXFileReference; fileEncoding = 4; lastKnownFileType = sourcecode.c.objc; path = DBFormat.m; sourceTree = "<group>"; };
		D4D5CEF91CD0C53700CD1860 /* DBSQL_Extension.h */ = {isa = PBXFileReference; fileEncoding = 4; lastKnownFileType = sourcecode.c.h; path = DBSQL_Extension.h; sourceTree = "<group>"; };
		D4D5CEFA1CD0C53700CD1860 /* DBSQL_Extension.m */ = {isa = PBXFileReference; fileEncoding = 4; lastKnownFileType = sourcecode.c.objc; path = DBSQL_Extension.m; sourceTree = "<group>"; };
		D4D5CEFC1CD0C53700CD1860 /* DataBaseTable.h */ = {isa = PBXFileReference; fileEncoding = 4; lastKnownFileType = sourcecode.c.h; path = DataBaseTable.h; sourceTree = "<group>"; };
		D4D5CEFD1CD0C53700CD1860 /* DataBaseTable.m */ = {isa = PBXFileReference; fileEncoding = 4; lastKnownFileType = sourcecode.c.objc; path = DataBaseTable.m; sourceTree = "<group>"; };
		D4D5CEFE1CD0C53700CD1860 /* DataBaseUnit.h */ = {isa = PBXFileReference; fileEncoding = 4; lastKnownFileType = sourcecode.c.h; path = DataBaseUnit.h; sourceTree = "<group>"; };
		D4D5CEFF1CD0C53700CD1860 /* DataBaseUnit.m */ = {isa = PBXFileReference; fileEncoding = 4; lastKnownFileType = sourcecode.c.objc; path = DataBaseUnit.m; sourceTree = "<group>"; };
		D4D5CF011CD0C53700CD1860 /* BlockTask.h */ = {isa = PBXFileReference; fileEncoding = 4; lastKnownFileType = sourcecode.c.h; path = BlockTask.h; sourceTree = "<group>"; };
		D4D5CF021CD0C53700CD1860 /* BlockTask.m */ = {isa = PBXFileReference; fileEncoding = 4; lastKnownFileType = sourcecode.c.objc; path = BlockTask.m; sourceTree = "<group>"; };
		D4D5CF031CD0C53700CD1860 /* FoundationTask.h */ = {isa = PBXFileReference; fileEncoding = 4; lastKnownFileType = sourcecode.c.h; path = FoundationTask.h; sourceTree = "<group>"; };
		D4D5CF041CD0C53700CD1860 /* FoundationTask.m */ = {isa = PBXFileReference; fileEncoding = 4; lastKnownFileType = sourcecode.c.objc; path = FoundationTask.m; sourceTree = "<group>"; };
		D4D5CF051CD0C53700CD1860 /* TaskingTask.h */ = {isa = PBXFileReference; fileEncoding = 4; lastKnownFileType = sourcecode.c.h; path = TaskingTask.h; sourceTree = "<group>"; };
		D4D5CF061CD0C53700CD1860 /* TaskingTask.m */ = {isa = PBXFileReference; fileEncoding = 4; lastKnownFileType = sourcecode.c.objc; path = TaskingTask.m; sourceTree = "<group>"; };
		D4D5CF091CD0C53700CD1860 /* SPTaskConfiguration.h */ = {isa = PBXFileReference; fileEncoding = 4; lastKnownFileType = sourcecode.c.h; path = SPTaskConfiguration.h; sourceTree = "<group>"; };
		D4D5CF0A1CD0C53700CD1860 /* SPTaskConfiguration.m */ = {isa = PBXFileReference; fileEncoding = 4; lastKnownFileType = sourcecode.c.objc; path = SPTaskConfiguration.m; sourceTree = "<group>"; };
		D4D5CF0C1CD0C53700CD1860 /* SPTaskBackgroundPool.h */ = {isa = PBXFileReference; fileEncoding = 4; lastKnownFileType = sourcecode.c.h; path = SPTaskBackgroundPool.h; sourceTree = "<group>"; };
		D4D5CF0D1CD0C53700CD1860 /* SPTaskBackgroundPool.m */ = {isa = PBXFileReference; fileEncoding = 4; lastKnownFileType = sourcecode.c.objc; path = SPTaskBackgroundPool.m; sourceTree = "<group>"; };
		D4D5CF0E1CD0C53700CD1860 /* SPTaskDaemonPool.h */ = {isa = PBXFileReference; fileEncoding = 4; lastKnownFileType = sourcecode.c.h; path = SPTaskDaemonPool.h; sourceTree = "<group>"; };
		D4D5CF0F1CD0C53700CD1860 /* SPTaskDaemonPool.m */ = {isa = PBXFileReference; fileEncoding = 4; lastKnownFileType = sourcecode.c.objc; path = SPTaskDaemonPool.m; sourceTree = "<group>"; };
		D4D5CF101CD0C53700CD1860 /* SPTaskFreePool.h */ = {isa = PBXFileReference; fileEncoding = 4; lastKnownFileType = sourcecode.c.h; path = SPTaskFreePool.h; sourceTree = "<group>"; };
		D4D5CF111CD0C53700CD1860 /* SPTaskFreePool.m */ = {isa = PBXFileReference; fileEncoding = 4; lastKnownFileType = sourcecode.c.objc; path = SPTaskFreePool.m; sourceTree = "<group>"; };
		D4D5CF121CD0C53700CD1860 /* SPTaskPool.h */ = {isa = PBXFileReference; fileEncoding = 4; lastKnownFileType = sourcecode.c.h; path = SPTaskPool.h; sourceTree = "<group>"; };
		D4D5CF131CD0C53700CD1860 /* SPTaskPool.m */ = {isa = PBXFileReference; fileEncoding = 4; lastKnownFileType = sourcecode.c.objc; path = SPTaskPool.m; sourceTree = "<group>"; };
		D4D5CF151CD0C53700CD1860 /* SPTaskServiceProvider.h */ = {isa = PBXFileReference; fileEncoding = 4; lastKnownFileType = sourcecode.c.h; path = SPTaskServiceProvider.h; sourceTree = "<group>"; };
		D4D5CF161CD0C53700CD1860 /* SPTaskServiceProvider.m */ = {isa = PBXFileReference; fileEncoding = 4; lastKnownFileType = sourcecode.c.objc; path = SPTaskServiceProvider.m; sourceTree = "<group>"; };
		D4D5CF181CD0C53700CD1860 /* SPTask.h */ = {isa = PBXFileReference; fileEncoding = 4; lastKnownFileType = sourcecode.c.h; path = SPTask.h; sourceTree = "<group>"; };
		D4D5CF191CD0C53700CD1860 /* SPTask.m */ = {isa = PBXFileReference; fileEncoding = 4; lastKnownFileType = sourcecode.c.objc; path = SPTask.m; sourceTree = "<group>"; };
		D4D5CF1A1CD0C53700CD1860 /* SPTaskBlockLoader.h */ = {isa = PBXFileReference; fileEncoding = 4; lastKnownFileType = sourcecode.c.h; path = SPTaskBlockLoader.h; sourceTree = "<group>"; };
		D4D5CF1B1CD0C53700CD1860 /* SPTaskBlockLoader.m */ = {isa = PBXFileReference; fileEncoding = 4; lastKnownFileType = sourcecode.c.objc; path = SPTaskBlockLoader.m; sourceTree = "<group>"; };
		D4D5CF1C1CD0C53700CD1860 /* SPTaskQueue.h */ = {isa = PBXFileReference; fileEncoding = 4; lastKnownFileType = sourcecode.c.h; path = SPTaskQueue.h; sourceTree = "<group>"; };
		D4D5CF1D1CD0C53700CD1860 /* SPTaskQueue.m */ = {isa = PBXFileReference; fileEncoding = 4; lastKnownFileType = sourcecode.c.objc; path = SPTaskQueue.m; sourceTree = "<group>"; };
		D4D5CF1F1CD0C53700CD1860 /* SPTaskDispatcher.h */ = {isa = PBXFileReference; fileEncoding = 4; lastKnownFileType = sourcecode.c.h; path = SPTaskDispatcher.h; sourceTree = "<group>"; };
		D4D5CF201CD0C53700CD1860 /* SPTaskDispatcher.m */ = {isa = PBXFileReference; fileEncoding = 4; lastKnownFileType = sourcecode.c.objc; path = SPTaskDispatcher.m; sourceTree = "<group>"; };
		D4D5CF3C1CD0C69000CD1860 /* IPRouteTraceHandle.h */ = {isa = PBXFileReference; fileEncoding = 4; lastKnownFileType = sourcecode.c.h; path = IPRouteTraceHandle.h; sourceTree = "<group>"; };
		D4D5CF3D1CD0C69000CD1860 /* IPRouteTraceHandle.m */ = {isa = PBXFileReference; fileEncoding = 4; lastKnownFileType = sourcecode.c.objc; path = IPRouteTraceHandle.m; sourceTree = "<group>"; };
		D4D5CF3F1CD0C69000CD1860 /* IPRouteItem.h */ = {isa = PBXFileReference; fileEncoding = 4; lastKnownFileType = sourcecode.c.h; path = IPRouteItem.h; sourceTree = "<group>"; };
		D4D5CF401CD0C69000CD1860 /* IPRouteItem.m */ = {isa = PBXFileReference; fileEncoding = 4; lastKnownFileType = sourcecode.c.objc; path = IPRouteItem.m; sourceTree = "<group>"; };
		D4D5CF411CD0C69000CD1860 /* IPRouteTraceCenter.h */ = {isa = PBXFileReference; fileEncoding = 4; lastKnownFileType = sourcecode.c.h; path = IPRouteTraceCenter.h; sourceTree = "<group>"; };
		D4D5CF421CD0C69000CD1860 /* IPRouteTraceCenter.m */ = {isa = PBXFileReference; fileEncoding = 4; lastKnownFileType = sourcecode.c.objc; path = IPRouteTraceCenter.m; sourceTree = "<group>"; };
		D4D5CF431CD0C69000CD1860 /* IPRouteTraceObserveDelegate.h */ = {isa = PBXFileReference; fileEncoding = 4; lastKnownFileType = sourcecode.c.h; path = IPRouteTraceObserveDelegate.h; sourceTree = "<group>"; };
		D4D5CF441CD0C69000CD1860 /* IPRouteTraceObserver.h */ = {isa = PBXFileReference; fileEncoding = 4; lastKnownFileType = sourcecode.c.h; path = IPRouteTraceObserver.h; sourceTree = "<group>"; };
		D4D5CF451CD0C69000CD1860 /* IPRouteTraceObserver.m */ = {isa = PBXFileReference; fileEncoding = 4; lastKnownFileType = sourcecode.c.objc; path = IPRouteTraceObserver.m; sourceTree = "<group>"; };
		D4D5CF461CD0C69000CD1860 /* IPRouteTracer.h */ = {isa = PBXFileReference; fileEncoding = 4; lastKnownFileType = sourcecode.c.h; path = IPRouteTracer.h; sourceTree = "<group>"; };
		D4D5CF471CD0C69000CD1860 /* IPRouteTracer.m */ = {isa = PBXFileReference; fileEncoding = 4; lastKnownFileType = sourcecode.c.objc; path = IPRouteTracer.m; sourceTree = "<group>"; };
		D4D5CF4E1CD0C7FF00CD1860 /* libsqlite3.tbd */ = {isa = PBXFileReference; lastKnownFileType = "sourcecode.text-based-dylib-definition"; name = libsqlite3.tbd; path = usr/lib/libsqlite3.tbd; sourceTree = SDKROOT; };
		D4E3EA2A1CC8A52B00A7987E /* FrameworkV1.app */ = {isa = PBXFileReference; explicitFileType = wrapper.application; includeInIndex = 0; path = FrameworkV1.app; sourceTree = BUILT_PRODUCTS_DIR; };
		D4E3EA2E1CC8A52B00A7987E /* main.m */ = {isa = PBXFileReference; lastKnownFileType = sourcecode.c.objc; path = main.m; sourceTree = "<group>"; };
		D4E3EA301CC8A52B00A7987E /* AppDelegate.h */ = {isa = PBXFileReference; lastKnownFileType = sourcecode.c.h; path = AppDelegate.h; sourceTree = "<group>"; };
		D4E3EA311CC8A52B00A7987E /* AppDelegate.m */ = {isa = PBXFileReference; lastKnownFileType = sourcecode.c.objc; path = AppDelegate.m; sourceTree = "<group>"; };
		D4E3EA331CC8A52B00A7987E /* ViewController.h */ = {isa = PBXFileReference; lastKnownFileType = sourcecode.c.h; path = ViewController.h; sourceTree = "<group>"; };
		D4E3EA341CC8A52B00A7987E /* ViewController.m */ = {isa = PBXFileReference; lastKnownFileType = sourcecode.c.objc; path = ViewController.m; sourceTree = "<group>"; };
		D4E3EA371CC8A52B00A7987E /* Base */ = {isa = PBXFileReference; lastKnownFileType = file.storyboard; name = Base; path = Base.lproj/Main.storyboard; sourceTree = "<group>"; };
		D4E3EA391CC8A52B00A7987E /* Assets.xcassets */ = {isa = PBXFileReference; lastKnownFileType = folder.assetcatalog; path = Assets.xcassets; sourceTree = "<group>"; };
		D4E3EA3C1CC8A52B00A7987E /* Base */ = {isa = PBXFileReference; lastKnownFileType = file.storyboard; name = Base; path = Base.lproj/LaunchScreen.storyboard; sourceTree = "<group>"; };
		D4E3EA3E1CC8A52B00A7987E /* Info.plist */ = {isa = PBXFileReference; lastKnownFileType = text.plist.xml; path = Info.plist; sourceTree = "<group>"; };
		D4E3EA751CC8C34F00A7987E /* HTTPMultipartFormEntity.h */ = {isa = PBXFileReference; fileEncoding = 4; lastKnownFileType = sourcecode.c.h; path = HTTPMultipartFormEntity.h; sourceTree = "<group>"; };
		D4E3EA761CC8C34F00A7987E /* HTTPMultipartFormEntity.m */ = {isa = PBXFileReference; fileEncoding = 4; lastKnownFileType = sourcecode.c.objc; path = HTTPMultipartFormEntity.m; sourceTree = "<group>"; };
		D4E3EA7B1CC8C34F00A7987E /* HTTPConnectionInputStream+HTTPMultipartForm.h */ = {isa = PBXFileReference; fileEncoding = 4; lastKnownFileType = sourcecode.c.h; path = "HTTPConnectionInputStream+HTTPMultipartForm.h"; sourceTree = "<group>"; };
		D4E3EA7C1CC8C34F00A7987E /* HTTPConnectionInputStream+HTTPMultipartForm.m */ = {isa = PBXFileReference; fileEncoding = 4; lastKnownFileType = sourcecode.c.objc; path = "HTTPConnectionInputStream+HTTPMultipartForm.m"; sourceTree = "<group>"; };
		D4E3EA7D1CC8C34F00A7987E /* HTTPMultipartFormEntity+HTTPConnectionInputStreamChunk.h */ = {isa = PBXFileReference; fileEncoding = 4; lastKnownFileType = sourcecode.c.h; path = "HTTPMultipartFormEntity+HTTPConnectionInputStreamChunk.h"; sourceTree = "<group>"; };
		D4E3EA7E1CC8C34F00A7987E /* HTTPMultipartFormEntity+HTTPConnectionInputStreamChunk.m */ = {isa = PBXFileReference; fileEncoding = 4; lastKnownFileType = sourcecode.c.objc; path = "HTTPMultipartFormEntity+HTTPConnectionInputStreamChunk.m"; sourceTree = "<group>"; };
		D4E3EA871CC8C39200A7987E /* HTTPDataConnection.h */ = {isa = PBXFileReference; fileEncoding = 4; lastKnownFileType = sourcecode.c.h; path = HTTPDataConnection.h; sourceTree = "<group>"; };
		D4E3EA881CC8C39200A7987E /* HTTPDataConnection.m */ = {isa = PBXFileReference; fileEncoding = 4; lastKnownFileType = sourcecode.c.objc; path = HTTPDataConnection.m; sourceTree = "<group>"; };
		D4E3EA8A1CC8C39200A7987E /* HTTPConnectionResumeStorage.h */ = {isa = PBXFileReference; fileEncoding = 4; lastKnownFileType = sourcecode.c.h; path = HTTPConnectionResumeStorage.h; sourceTree = "<group>"; };
		D4E3EA8B1CC8C39200A7987E /* HTTPConnectionResumeStorage.m */ = {isa = PBXFileReference; fileEncoding = 4; lastKnownFileType = sourcecode.c.objc; path = HTTPConnectionResumeStorage.m; sourceTree = "<group>"; };
		D4E3EA8C1CC8C39200A7987E /* HTTPDownloadConnection.h */ = {isa = PBXFileReference; fileEncoding = 4; lastKnownFileType = sourcecode.c.h; path = HTTPDownloadConnection.h; sourceTree = "<group>"; };
		D4E3EA8D1CC8C39200A7987E /* HTTPDownloadConnection.m */ = {isa = PBXFileReference; fileEncoding = 4; lastKnownFileType = sourcecode.c.objc; path = HTTPDownloadConnection.m; sourceTree = "<group>"; };
		D4E3EA8E1CC8C39200A7987E /* HTTPConnection.h */ = {isa = PBXFileReference; fileEncoding = 4; lastKnownFileType = sourcecode.c.h; path = HTTPConnection.h; sourceTree = "<group>"; };
		D4E3EA8F1CC8C39200A7987E /* HTTPConnection.m */ = {isa = PBXFileReference; fileEncoding = 4; lastKnownFileType = sourcecode.c.objc; path = HTTPConnection.m; sourceTree = "<group>"; };
		D4E3EA921CC8C39200A7987E /* HTTPConnectionInputStream.h */ = {isa = PBXFileReference; fileEncoding = 4; lastKnownFileType = sourcecode.c.h; path = HTTPConnectionInputStream.h; sourceTree = "<group>"; };
		D4E3EA931CC8C39200A7987E /* HTTPConnectionInputStream.m */ = {isa = PBXFileReference; fileEncoding = 4; lastKnownFileType = sourcecode.c.objc; path = HTTPConnectionInputStream.m; sourceTree = "<group>"; };
		D4E3EA941CC8C39200A7987E /* HTTPConnectionInputStreamChunk.h */ = {isa = PBXFileReference; fileEncoding = 4; lastKnownFileType = sourcecode.c.h; path = HTTPConnectionInputStreamChunk.h; sourceTree = "<group>"; };
		D4E3EA951CC8C39200A7987E /* HTTPConnectionInputStreamChunk.m */ = {isa = PBXFileReference; fileEncoding = 4; lastKnownFileType = sourcecode.c.objc; path = HTTPConnectionInputStreamChunk.m; sourceTree = "<group>"; };
		D4E3EA971CC8C39200A7987E /* HTTPUploadConnection.h */ = {isa = PBXFileReference; fileEncoding = 4; lastKnownFileType = sourcecode.c.h; path = HTTPUploadConnection.h; sourceTree = "<group>"; };
		D4E3EA981CC8C39200A7987E /* HTTPUploadConnection.m */ = {isa = PBXFileReference; fileEncoding = 4; lastKnownFileType = sourcecode.c.objc; path = HTTPUploadConnection.m; sourceTree = "<group>"; };
		D4E3EA9A1CC8C39200A7987E /* HTTPSession.h */ = {isa = PBXFileReference; fileEncoding = 4; lastKnownFileType = sourcecode.c.h; path = HTTPSession.h; sourceTree = "<group>"; };
		D4E3EA9B1CC8C39200A7987E /* HTTPSession.m */ = {isa = PBXFileReference; fileEncoding = 4; lastKnownFileType = sourcecode.c.objc; path = HTTPSession.m; sourceTree = "<group>"; };
		D4E3EA9D1CC8C39200A7987E /* NSURLSessionTask+Delegate.h */ = {isa = PBXFileReference; fileEncoding = 4; lastKnownFileType = sourcecode.c.h; path = "NSURLSessionTask+Delegate.h"; sourceTree = "<group>"; };
		D4E3EA9E1CC8C39200A7987E /* NSURLSessionTask+Delegate.m */ = {isa = PBXFileReference; fileEncoding = 4; lastKnownFileType = sourcecode.c.objc; path = "NSURLSessionTask+Delegate.m"; sourceTree = "<group>"; };
		D4E3EAA91CC8C6F600A7987E /* HTTPMultipartFormPartContentDisposition.h */ = {isa = PBXFileReference; fileEncoding = 4; lastKnownFileType = sourcecode.c.h; path = HTTPMultipartFormPartContentDisposition.h; sourceTree = "<group>"; };
		D4E3EAAA1CC8C6F600A7987E /* HTTPMultipartFormPartContentDisposition.m */ = {isa = PBXFileReference; fileEncoding = 4; lastKnownFileType = sourcecode.c.objc; path = HTTPMultipartFormPartContentDisposition.m; sourceTree = "<group>"; };
		D4E3EAB11CC8DA6B00A7987E /* NSString+URLEncode.h */ = {isa = PBXFileReference; fileEncoding = 4; lastKnownFileType = sourcecode.c.h; path = "NSString+URLEncode.h"; sourceTree = "<group>"; };
		D4E3EAB21CC8DA6B00A7987E /* NSString+URLEncode.m */ = {isa = PBXFileReference; fileEncoding = 4; lastKnownFileType = sourcecode.c.objc; path = "NSString+URLEncode.m"; sourceTree = "<group>"; };
		D4E3EABD1CC8DCAC00A7987E /* NSData+AES.h */ = {isa = PBXFileReference; fileEncoding = 4; lastKnownFileType = sourcecode.c.h; path = "NSData+AES.h"; sourceTree = "<group>"; };
		D4E3EABE1CC8DCAC00A7987E /* NSData+AES.m */ = {isa = PBXFileReference; fileEncoding = 4; lastKnownFileType = sourcecode.c.objc; path = "NSData+AES.m"; sourceTree = "<group>"; };
		D4E3EAC01CC8DD1500A7987E /* NSData+MD5.h */ = {isa = PBXFileReference; fileEncoding = 4; lastKnownFileType = sourcecode.c.h; path = "NSData+MD5.h"; sourceTree = "<group>"; };
		D4E3EAC11CC8DD1500A7987E /* NSData+MD5.m */ = {isa = PBXFileReference; fileEncoding = 4; lastKnownFileType = sourcecode.c.objc; path = "NSData+MD5.m"; sourceTree = "<group>"; };
		D4E3EAC31CC8DE8000A7987E /* NSFileHandle+MD5.h */ = {isa = PBXFileReference; fileEncoding = 4; lastKnownFileType = sourcecode.c.h; path = "NSFileHandle+MD5.h"; sourceTree = "<group>"; };
		D4E3EAC41CC8DE8000A7987E /* NSFileHandle+MD5.m */ = {isa = PBXFileReference; fileEncoding = 4; lastKnownFileType = sourcecode.c.objc; path = "NSFileHandle+MD5.m"; sourceTree = "<group>"; };
/* End PBXFileReference section */

/* Begin PBXFrameworksBuildPhase section */
		D4E3EA271CC8A52B00A7987E /* Frameworks */ = {
			isa = PBXFrameworksBuildPhase;
			buildActionMask = 2147483647;
			files = (
				D4D5CF4F1CD0C7FF00CD1860 /* libsqlite3.tbd in Frameworks */,
				D4D5CAE51CD0B6F500CD1860 /* libxml2.2.tbd in Frameworks */,
				D4D5CAC71CD0AE1600CD1860 /* libz.1.2.5.tbd in Frameworks */,
			);
			runOnlyForDeploymentPostprocessing = 0;
		};
/* End PBXFrameworksBuildPhase section */

/* Begin PBXGroup section */
		D401E9CC1CD1BCD000599E0B /* Character */ = {
			isa = PBXGroup;
			children = (
				D401E9D41CD1BD0300599E0B /* NSString+Character.h */,
				D401E9D51CD1BD0300599E0B /* NSString+Character.m */,
			);
			path = Character;
			sourceTree = "<group>";
		};
		D401E9CF1CD1BCD000599E0B /* KeyValue */ = {
			isa = PBXGroup;
			children = (
				D401E9D71CD1BD5D00599E0B /* NSString+KeyValue.h */,
				D401E9D81CD1BD5D00599E0B /* NSString+KeyValue.m */,
				D401E9DA1CD1BD6900599E0B /* NSDictionary+KeyValue.h */,
				D401E9DB1CD1BD6900599E0B /* NSDictionary+KeyValue.m */,
			);
			path = KeyValue;
			sourceTree = "<group>";
		};
		D401E9DF1CD1DE1200599E0B /* Serialization */ = {
			isa = PBXGroup;
			children = (
				D401E9E01CD1DE1200599E0B /* Json */,
				D401E9E31CD1DE1200599E0B /* NSCoderExtension */,
				D401E9E61CD1DE1200599E0B /* XML */,
			);
			path = Serialization;
			sourceTree = "<group>";
		};
		D401E9E01CD1DE1200599E0B /* Json */ = {
			isa = PBXGroup;
			children = (
				D401E9E11CD1DE1200599E0B /* JsonSerialize.h */,
				D401E9E21CD1DE1200599E0B /* JsonSerialize.m */,
			);
			path = Json;
			sourceTree = "<group>";
		};
		D401E9E31CD1DE1200599E0B /* NSCoderExtension */ = {
			isa = PBXGroup;
			children = (
				D401E9E41CD1DE1200599E0B /* NSCoder+DataedEncoding.h */,
				D401E9E51CD1DE1200599E0B /* NSCoder+DataedEncoding.m */,
			);
			path = NSCoderExtension;
			sourceTree = "<group>";
		};
		D401E9E61CD1DE1200599E0B /* XML */ = {
			isa = PBXGroup;
			children = (
				D401E9E71CD1DE1200599E0B /* Utility */,
				D401E9EA1CD1DE1200599E0B /* XMLSprite */,
			);
			path = XML;
			sourceTree = "<group>";
		};
		D401E9E71CD1DE1200599E0B /* Utility */ = {
			isa = PBXGroup;
			children = (
				D401E9E81CD1DE1200599E0B /* XMLUtility.h */,
				D401E9E91CD1DE1200599E0B /* XMLUtility.m */,
			);
			path = Utility;
			sourceTree = "<group>";
		};
		D401E9EA1CD1DE1200599E0B /* XMLSprite */ = {
			isa = PBXGroup;
			children = (
				D401E9EB1CD1DE1200599E0B /* XMLSprite.h */,
				D401E9EC1CD1DE1200599E0B /* XMLSprite.m */,
				D401E9ED1CD1DE1200599E0B /* XMLSpriteSerialize.h */,
				D401E9EE1CD1DE1200599E0B /* XMLSpriteSerialize.m */,
			);
			path = XMLSprite;
			sourceTree = "<group>";
		};
		D401E9F71CD1E0FA00599E0B /* FileListen */ = {
			isa = PBXGroup;
			children = (
				D401E9F81CD1E0FA00599E0B /* FileListener.h */,
				D401E9F91CD1E0FA00599E0B /* FileListener.m */,
			);
			path = FileListen;
			sourceTree = "<group>";
		};
		D4D5CAB11CD0AD6100CD1860 /* Compress */ = {
			isa = PBXGroup;
			children = (
				D4D5CAB21CD0AD7400CD1860 /* Compress */,
				D4D5CAB91CD0AD7400CD1860 /* Decompress */,
			);
			path = Compress;
			sourceTree = "<group>";
		};
		D4D5CAB21CD0AD7400CD1860 /* Compress */ = {
			isa = PBXGroup;
			children = (
				D4D5CAB31CD0AD7400CD1860 /* DataCompressor.h */,
				D4D5CAB41CD0AD7400CD1860 /* DataCompressor.m */,
				D4D5CAB51CD0AD7400CD1860 /* DeflateCompressor.h */,
				D4D5CAB61CD0AD7400CD1860 /* DeflateCompressor.m */,
				D4D5CAB71CD0AD7400CD1860 /* GzipCompressor.h */,
				D4D5CAB81CD0AD7400CD1860 /* GzipCompressor.m */,
			);
			path = Compress;
			sourceTree = "<group>";
		};
		D4D5CAB91CD0AD7400CD1860 /* Decompress */ = {
			isa = PBXGroup;
			children = (
				D4D5CABA1CD0AD7400CD1860 /* DataDecompressor.h */,
				D4D5CABB1CD0AD7400CD1860 /* DataDecompressor.m */,
				D4D5CABC1CD0AD7400CD1860 /* DeflateDecompressor.h */,
				D4D5CABD1CD0AD7400CD1860 /* DeflateDecompressor.m */,
				D4D5CABE1CD0AD7400CD1860 /* GzipDecompressor.h */,
				D4D5CABF1CD0AD7400CD1860 /* GzipDecompressor.m */,
			);
			path = Decompress;
			sourceTree = "<group>";
		};
		D4D5CAF61CD0BB7800CD1860 /* Notification */ = {
			isa = PBXGroup;
			children = (
				D4D5CAF71CD0BB7800CD1860 /* NotificationBlockLoader.h */,
				D4D5CAF81CD0BB7800CD1860 /* NotificationBlockLoader.m */,
				D4D5CAF91CD0BB7800CD1860 /* NotificationObserver.h */,
				D4D5CAFA1CD0BB7800CD1860 /* NotificationObserver.m */,
				D4D5CAFB1CD0BB7800CD1860 /* NotificationObservingSet.h */,
				D4D5CAFC1CD0BB7800CD1860 /* NotificationObservingSet.m */,
				D4D5CAFF1CD0BB7800CD1860 /* NSObject+Delegate.h */,
				D4D5CB001CD0BB7800CD1860 /* NSObject+Delegate.m */,
			);
			path = Notification;
			sourceTree = "<group>";
		};
		D4D5CEDC1CD0BC6800CD1860 /* StateMachine */ = {
			isa = PBXGroup;
			children = (
				D4D5CEDD1CD0BC6800CD1860 /* StateMachine.h */,
				D4D5CEDE1CD0BC6800CD1860 /* StateMachine.m */,
			);
			path = StateMachine;
			sourceTree = "<group>";
		};
		D4D5CEE01CD0BE0200CD1860 /* String */ = {
			isa = PBXGroup;
			children = (
				D401E9CC1CD1BCD000599E0B /* Character */,
				D401E9CF1CD1BCD000599E0B /* KeyValue */,
			);
			path = String;
			sourceTree = "<group>";
		};
		D4D5CEE71CD0C53700CD1860 /* DataBase */ = {
			isa = PBXGroup;
			children = (
				D4D5CEE81CD0C53700CD1860 /* DB */,
				D4D5CEF61CD0C53700CD1860 /* Extension */,
				D4D5CEFB1CD0C53700CD1860 /* Sample */,
			);
			path = DataBase;
			sourceTree = "<group>";
		};
		D4D5CEE81CD0C53700CD1860 /* DB */ = {
			isa = PBXGroup;
			children = (
				D4D5CEE91CD0C53700CD1860 /* DBDefine.h */,
				D4D5CEEA1CD0C53700CD1860 /* DBDefine.m */,
				D4D5CEEB1CD0C53700CD1860 /* DBHandle.h */,
				D4D5CEEC1CD0C53700CD1860 /* DBHandle.m */,
				D4D5CEED1CD0C53700CD1860 /* DBLog.h */,
				D4D5CEEE1CD0C53700CD1860 /* DBLog.m */,
				D4D5CEEF1CD0C53700CD1860 /* DBMachine.h */,
				D4D5CEF01CD0C53700CD1860 /* DBMachine.m */,
				D4D5CEF11CD0C53700CD1860 /* DBSQL.h */,
				D4D5CEF21CD0C53700CD1860 /* DBSQL.m */,
				D4D5CEF31CD0C53700CD1860 /* Extension */,
			);
			path = DB;
			sourceTree = "<group>";
		};
		D4D5CEF31CD0C53700CD1860 /* Extension */ = {
			isa = PBXGroup;
			children = (
				D4D5CEF41CD0C53700CD1860 /* DBTable.h */,
				D4D5CEF51CD0C53700CD1860 /* DBTable.m */,
			);
			path = Extension;
			sourceTree = "<group>";
		};
		D4D5CEF61CD0C53700CD1860 /* Extension */ = {
			isa = PBXGroup;
			children = (
				D4D5CEF71CD0C53700CD1860 /* DBFormat.h */,
				D4D5CEF81CD0C53700CD1860 /* DBFormat.m */,
				D4D5CEF91CD0C53700CD1860 /* DBSQL_Extension.h */,
				D4D5CEFA1CD0C53700CD1860 /* DBSQL_Extension.m */,
			);
			path = Extension;
			sourceTree = "<group>";
		};
		D4D5CEFB1CD0C53700CD1860 /* Sample */ = {
			isa = PBXGroup;
			children = (
				D4D5CEFC1CD0C53700CD1860 /* DataBaseTable.h */,
				D4D5CEFD1CD0C53700CD1860 /* DataBaseTable.m */,
				D4D5CEFE1CD0C53700CD1860 /* DataBaseUnit.h */,
				D4D5CEFF1CD0C53700CD1860 /* DataBaseUnit.m */,
			);
			path = Sample;
			sourceTree = "<group>";
		};
		D4D5CF001CD0C53700CD1860 /* Task */ = {
			isa = PBXGroup;
			children = (
				D4D5CF011CD0C53700CD1860 /* BlockTask.h */,
				D4D5CF021CD0C53700CD1860 /* BlockTask.m */,
				D4D5CF031CD0C53700CD1860 /* FoundationTask.h */,
				D4D5CF041CD0C53700CD1860 /* FoundationTask.m */,
				D4D5CF051CD0C53700CD1860 /* TaskingTask.h */,
				D4D5CF061CD0C53700CD1860 /* TaskingTask.m */,
				D4D5CF071CD0C53700CD1860 /* TaskPool */,
			);
			path = Task;
			sourceTree = "<group>";
		};
		D4D5CF071CD0C53700CD1860 /* TaskPool */ = {
			isa = PBXGroup;
			children = (
				D4D5CF081CD0C53700CD1860 /* Configuration */,
				D4D5CF0B1CD0C53700CD1860 /* Pool */,
				D4D5CF141CD0C53700CD1860 /* Service */,
				D4D5CF171CD0C53700CD1860 /* Task */,
				D4D5CF1E1CD0C53700CD1860 /* TaskDispatch */,
			);
			path = TaskPool;
			sourceTree = "<group>";
		};
		D4D5CF081CD0C53700CD1860 /* Configuration */ = {
			isa = PBXGroup;
			children = (
				D4D5CF091CD0C53700CD1860 /* SPTaskConfiguration.h */,
				D4D5CF0A1CD0C53700CD1860 /* SPTaskConfiguration.m */,
			);
			path = Configuration;
			sourceTree = "<group>";
		};
		D4D5CF0B1CD0C53700CD1860 /* Pool */ = {
			isa = PBXGroup;
			children = (
				D4D5CF0C1CD0C53700CD1860 /* SPTaskBackgroundPool.h */,
				D4D5CF0D1CD0C53700CD1860 /* SPTaskBackgroundPool.m */,
				D4D5CF0E1CD0C53700CD1860 /* SPTaskDaemonPool.h */,
				D4D5CF0F1CD0C53700CD1860 /* SPTaskDaemonPool.m */,
				D4D5CF101CD0C53700CD1860 /* SPTaskFreePool.h */,
				D4D5CF111CD0C53700CD1860 /* SPTaskFreePool.m */,
				D4D5CF121CD0C53700CD1860 /* SPTaskPool.h */,
				D4D5CF131CD0C53700CD1860 /* SPTaskPool.m */,
			);
			path = Pool;
			sourceTree = "<group>";
		};
		D4D5CF141CD0C53700CD1860 /* Service */ = {
			isa = PBXGroup;
			children = (
				D4D5CF151CD0C53700CD1860 /* SPTaskServiceProvider.h */,
				D4D5CF161CD0C53700CD1860 /* SPTaskServiceProvider.m */,
			);
			path = Service;
			sourceTree = "<group>";
		};
		D4D5CF171CD0C53700CD1860 /* Task */ = {
			isa = PBXGroup;
			children = (
				D4D5CF181CD0C53700CD1860 /* SPTask.h */,
				D4D5CF191CD0C53700CD1860 /* SPTask.m */,
				D4D5CF1A1CD0C53700CD1860 /* SPTaskBlockLoader.h */,
				D4D5CF1B1CD0C53700CD1860 /* SPTaskBlockLoader.m */,
				D4D5CF1C1CD0C53700CD1860 /* SPTaskQueue.h */,
				D4D5CF1D1CD0C53700CD1860 /* SPTaskQueue.m */,
			);
			path = Task;
			sourceTree = "<group>";
		};
		D4D5CF1E1CD0C53700CD1860 /* TaskDispatch */ = {
			isa = PBXGroup;
			children = (
				D4D5CF1F1CD0C53700CD1860 /* SPTaskDispatcher.h */,
				D4D5CF201CD0C53700CD1860 /* SPTaskDispatcher.m */,
			);
			path = TaskDispatch;
			sourceTree = "<group>";
		};
		D4D5CF3B1CD0C69000CD1860 /* RouteTracer */ = {
			isa = PBXGroup;
			children = (
				D4D5CF3C1CD0C69000CD1860 /* IPRouteTraceHandle.h */,
				D4D5CF3D1CD0C69000CD1860 /* IPRouteTraceHandle.m */,
				D4D5CF3E1CD0C69000CD1860 /* Tracer */,
			);
			path = RouteTracer;
			sourceTree = "<group>";
		};
		D4D5CF3E1CD0C69000CD1860 /* Tracer */ = {
			isa = PBXGroup;
			children = (
				D4D5CF3F1CD0C69000CD1860 /* IPRouteItem.h */,
				D4D5CF401CD0C69000CD1860 /* IPRouteItem.m */,
				D4D5CF411CD0C69000CD1860 /* IPRouteTraceCenter.h */,
				D4D5CF421CD0C69000CD1860 /* IPRouteTraceCenter.m */,
				D4D5CF431CD0C69000CD1860 /* IPRouteTraceObserveDelegate.h */,
				D4D5CF441CD0C69000CD1860 /* IPRouteTraceObserver.h */,
				D4D5CF451CD0C69000CD1860 /* IPRouteTraceObserver.m */,
				D4D5CF461CD0C69000CD1860 /* IPRouteTracer.h */,
				D4D5CF471CD0C69000CD1860 /* IPRouteTracer.m */,
			);
			path = Tracer;
			sourceTree = "<group>";
		};
		D4E3EA211CC8A52B00A7987E = {
			isa = PBXGroup;
			children = (
				D4D5CF4E1CD0C7FF00CD1860 /* libsqlite3.tbd */,
				D4D5CAE41CD0B6F500CD1860 /* libxml2.2.tbd */,
				D4D5CAC61CD0AE1600CD1860 /* libz.1.2.5.tbd */,
				D4E3EA2C1CC8A52B00A7987E /* FrameworkV1 */,
				D4E3EA2B1CC8A52B00A7987E /* Products */,
			);
			sourceTree = "<group>";
		};
		D4E3EA2B1CC8A52B00A7987E /* Products */ = {
			isa = PBXGroup;
			children = (
				D4E3EA2A1CC8A52B00A7987E /* FrameworkV1.app */,
			);
			name = Products;
			sourceTree = "<group>";
		};
		D4E3EA2C1CC8A52B00A7987E /* FrameworkV1 */ = {
			isa = PBXGroup;
			children = (
				D4E3EA451CC8A57A00A7987E /* Foundation */,
				D4E3EA441CC8A57A00A7987E /* Engine */,
				D4E3EA461CC8A57A00A7987E /* UI */,
				D4E3EA301CC8A52B00A7987E /* AppDelegate.h */,
				D4E3EA311CC8A52B00A7987E /* AppDelegate.m */,
				D4E3EA331CC8A52B00A7987E /* ViewController.h */,
				D4E3EA341CC8A52B00A7987E /* ViewController.m */,
				D4E3EA361CC8A52B00A7987E /* Main.storyboard */,
				D4E3EA391CC8A52B00A7987E /* Assets.xcassets */,
				D4E3EA3B1CC8A52B00A7987E /* LaunchScreen.storyboard */,
				D4E3EA3E1CC8A52B00A7987E /* Info.plist */,
				D4E3EA2D1CC8A52B00A7987E /* Supporting Files */,
			);
			path = FrameworkV1;
			sourceTree = "<group>";
		};
		D4E3EA2D1CC8A52B00A7987E /* Supporting Files */ = {
			isa = PBXGroup;
			children = (
				D4E3EA2E1CC8A52B00A7987E /* main.m */,
			);
			name = "Supporting Files";
			sourceTree = "<group>";
		};
		D4E3EA441CC8A57A00A7987E /* Engine */ = {
			isa = PBXGroup;
			children = (
				D4D5CF3B1CD0C69000CD1860 /* RouteTracer */,
				D4D5CEE71CD0C53700CD1860 /* DataBase */,
				D4D5CF001CD0C53700CD1860 /* Task */,
				D4E3EA471CC8A58C00A7987E /* HTTP */,
			);
			path = Engine;
			sourceTree = "<group>";
		};
		D4E3EA451CC8A57A00A7987E /* Foundation */ = {
			isa = PBXGroup;
			children = (
				D401E9F71CD1E0FA00599E0B /* FileListen */,
				D401E9DF1CD1DE1200599E0B /* Serialization */,
				D4D5CEE01CD0BE0200CD1860 /* String */,
				D4D5CEDC1CD0BC6800CD1860 /* StateMachine */,
				D4D5CAF61CD0BB7800CD1860 /* Notification */,
				D4E3EA481CC8A5B300A7987E /* Encode */,
			);
			path = Foundation;
			sourceTree = "<group>";
		};
		D4E3EA461CC8A57A00A7987E /* UI */ = {
			isa = PBXGroup;
			children = (
			);
			path = UI;
			sourceTree = "<group>";
		};
		D4E3EA471CC8A58C00A7987E /* HTTP */ = {
			isa = PBXGroup;
			children = (
				D4E3EA841CC8C39200A7987E /* Client */,
				D4E3EA6F1CC8C34F00A7987E /* Extension */,
			);
			path = HTTP;
			sourceTree = "<group>";
		};
		D4E3EA481CC8A5B300A7987E /* Encode */ = {
			isa = PBXGroup;
			children = (
				D4D5CAB11CD0AD6100CD1860 /* Compress */,
				D4E3EAB41CC8DAA000A7987E /* Crypto */,
				D4E3EAB01CC8DA6B00A7987E /* URL */,
			);
			path = Encode;
			sourceTree = "<group>";
		};
		D4E3EA6F1CC8C34F00A7987E /* Extension */ = {
			isa = PBXGroup;
			children = (
				D4E3EA741CC8C34F00A7987E /* Multipart */,
			);
			path = Extension;
			sourceTree = "<group>";
		};
		D4E3EA741CC8C34F00A7987E /* Multipart */ = {
			isa = PBXGroup;
			children = (
				D4E3EA751CC8C34F00A7987E /* HTTPMultipartFormEntity.h */,
				D4E3EA761CC8C34F00A7987E /* HTTPMultipartFormEntity.m */,
				D4E3EA791CC8C34F00A7987E /* Stream */,
			);
			path = Multipart;
			sourceTree = "<group>";
		};
		D4E3EA791CC8C34F00A7987E /* Stream */ = {
			isa = PBXGroup;
			children = (
				D4E3EAA81CC8C6F600A7987E /* Data */,
				D4E3EA7A1CC8C34F00A7987E /* InputStream */,
			);
			path = Stream;
			sourceTree = "<group>";
		};
		D4E3EA7A1CC8C34F00A7987E /* InputStream */ = {
			isa = PBXGroup;
			children = (
				D4E3EA7B1CC8C34F00A7987E /* HTTPConnectionInputStream+HTTPMultipartForm.h */,
				D4E3EA7C1CC8C34F00A7987E /* HTTPConnectionInputStream+HTTPMultipartForm.m */,
				D4E3EA7D1CC8C34F00A7987E /* HTTPMultipartFormEntity+HTTPConnectionInputStreamChunk.h */,
				D4E3EA7E1CC8C34F00A7987E /* HTTPMultipartFormEntity+HTTPConnectionInputStreamChunk.m */,
			);
			path = InputStream;
			sourceTree = "<group>";
		};
		D4E3EA841CC8C39200A7987E /* Client */ = {
			isa = PBXGroup;
			children = (
				D4E3EA9C1CC8C39200A7987E /* URLSessionDelegate */,
				D4E3EA991CC8C39200A7987E /* HTTPSession */,
				D4E3EA851CC8C39200A7987E /* HTTPConnection */,
			);
			path = Client;
			sourceTree = "<group>";
		};
		D4E3EA851CC8C39200A7987E /* HTTPConnection */ = {
			isa = PBXGroup;
			children = (
				D4E3EA8E1CC8C39200A7987E /* HTTPConnection.h */,
				D4E3EA8F1CC8C39200A7987E /* HTTPConnection.m */,
				D4E3EA861CC8C39200A7987E /* DataConnection */,
				D4E3EA891CC8C39200A7987E /* DownloadConnection */,
				D4E3EA961CC8C39200A7987E /* UploadConnection */,
				D4E3EA901CC8C39200A7987E /* Stream */,
			);
			path = HTTPConnection;
			sourceTree = "<group>";
		};
		D4E3EA861CC8C39200A7987E /* DataConnection */ = {
			isa = PBXGroup;
			children = (
				D4E3EA871CC8C39200A7987E /* HTTPDataConnection.h */,
				D4E3EA881CC8C39200A7987E /* HTTPDataConnection.m */,
			);
			path = DataConnection;
			sourceTree = "<group>";
		};
		D4E3EA891CC8C39200A7987E /* DownloadConnection */ = {
			isa = PBXGroup;
			children = (
				D4E3EA8C1CC8C39200A7987E /* HTTPDownloadConnection.h */,
				D4E3EA8D1CC8C39200A7987E /* HTTPDownloadConnection.m */,
				D4E3EA8A1CC8C39200A7987E /* HTTPConnectionResumeStorage.h */,
				D4E3EA8B1CC8C39200A7987E /* HTTPConnectionResumeStorage.m */,
			);
			path = DownloadConnection;
			sourceTree = "<group>";
		};
		D4E3EA901CC8C39200A7987E /* Stream */ = {
			isa = PBXGroup;
			children = (
				D4E3EA911CC8C39200A7987E /* InputStream */,
			);
			path = Stream;
			sourceTree = "<group>";
		};
		D4E3EA911CC8C39200A7987E /* InputStream */ = {
			isa = PBXGroup;
			children = (
				D4E3EA921CC8C39200A7987E /* HTTPConnectionInputStream.h */,
				D4E3EA931CC8C39200A7987E /* HTTPConnectionInputStream.m */,
				D4E3EA941CC8C39200A7987E /* HTTPConnectionInputStreamChunk.h */,
				D4E3EA951CC8C39200A7987E /* HTTPConnectionInputStreamChunk.m */,
			);
			path = InputStream;
			sourceTree = "<group>";
		};
		D4E3EA961CC8C39200A7987E /* UploadConnection */ = {
			isa = PBXGroup;
			children = (
				D4E3EA971CC8C39200A7987E /* HTTPUploadConnection.h */,
				D4E3EA981CC8C39200A7987E /* HTTPUploadConnection.m */,
			);
			path = UploadConnection;
			sourceTree = "<group>";
		};
		D4E3EA991CC8C39200A7987E /* HTTPSession */ = {
			isa = PBXGroup;
			children = (
				D4E3EA9A1CC8C39200A7987E /* HTTPSession.h */,
				D4E3EA9B1CC8C39200A7987E /* HTTPSession.m */,
			);
			path = HTTPSession;
			sourceTree = "<group>";
		};
		D4E3EA9C1CC8C39200A7987E /* URLSessionDelegate */ = {
			isa = PBXGroup;
			children = (
				D4E3EA9D1CC8C39200A7987E /* NSURLSessionTask+Delegate.h */,
				D4E3EA9E1CC8C39200A7987E /* NSURLSessionTask+Delegate.m */,
			);
			path = URLSessionDelegate;
			sourceTree = "<group>";
		};
		D4E3EAA81CC8C6F600A7987E /* Data */ = {
			isa = PBXGroup;
			children = (
				D4E3EAA91CC8C6F600A7987E /* HTTPMultipartFormPartContentDisposition.h */,
				D4E3EAAA1CC8C6F600A7987E /* HTTPMultipartFormPartContentDisposition.m */,
			);
			path = Data;
			sourceTree = "<group>";
		};
		D4E3EAB01CC8DA6B00A7987E /* URL */ = {
			isa = PBXGroup;
			children = (
				D4E3EAB11CC8DA6B00A7987E /* NSString+URLEncode.h */,
				D4E3EAB21CC8DA6B00A7987E /* NSString+URLEncode.m */,
			);
			path = URL;
			sourceTree = "<group>";
		};
		D4E3EAB41CC8DAA000A7987E /* Crypto */ = {
			isa = PBXGroup;
			children = (
				D4E3EAB51CC8DAD900A7987E /* AES */,
				D4E3EAB81CC8DAD900A7987E /* MD5 */,
			);
			path = Crypto;
			sourceTree = "<group>";
		};
		D4E3EAB51CC8DAD900A7987E /* AES */ = {
			isa = PBXGroup;
			children = (
				D4E3EABD1CC8DCAC00A7987E /* NSData+AES.h */,
				D4E3EABE1CC8DCAC00A7987E /* NSData+AES.m */,
			);
			path = AES;
			sourceTree = "<group>";
		};
		D4E3EAB81CC8DAD900A7987E /* MD5 */ = {
			isa = PBXGroup;
			children = (
				D4E3EAC01CC8DD1500A7987E /* NSData+MD5.h */,
				D4E3EAC11CC8DD1500A7987E /* NSData+MD5.m */,
				D4E3EAC31CC8DE8000A7987E /* NSFileHandle+MD5.h */,
				D4E3EAC41CC8DE8000A7987E /* NSFileHandle+MD5.m */,
			);
			path = MD5;
			sourceTree = "<group>";
		};
/* End PBXGroup section */

/* Begin PBXNativeTarget section */
		D4E3EA291CC8A52B00A7987E /* FrameworkV1 */ = {
			isa = PBXNativeTarget;
			buildConfigurationList = D4E3EA411CC8A52B00A7987E /* Build configuration list for PBXNativeTarget "FrameworkV1" */;
			buildPhases = (
				D4E3EA261CC8A52B00A7987E /* Sources */,
				D4E3EA271CC8A52B00A7987E /* Frameworks */,
				D4E3EA281CC8A52B00A7987E /* Resources */,
			);
			buildRules = (
			);
			dependencies = (
			);
			name = FrameworkV1;
			productName = FrameworkV1;
			productReference = D4E3EA2A1CC8A52B00A7987E /* FrameworkV1.app */;
			productType = "com.apple.product-type.application";
		};
/* End PBXNativeTarget section */

/* Begin PBXProject section */
		D4E3EA221CC8A52B00A7987E /* Project object */ = {
			isa = PBXProject;
			attributes = {
				LastUpgradeCheck = 0730;
				ORGANIZATIONNAME = WW;
				TargetAttributes = {
					D4E3EA291CC8A52B00A7987E = {
						CreatedOnToolsVersion = 7.3;
					};
				};
			};
			buildConfigurationList = D4E3EA251CC8A52B00A7987E /* Build configuration list for PBXProject "FrameworkV1" */;
			compatibilityVersion = "Xcode 3.2";
			developmentRegion = English;
			hasScannedForEncodings = 0;
			knownRegions = (
				en,
				Base,
			);
			mainGroup = D4E3EA211CC8A52B00A7987E;
			productRefGroup = D4E3EA2B1CC8A52B00A7987E /* Products */;
			projectDirPath = "";
			projectRoot = "";
			targets = (
				D4E3EA291CC8A52B00A7987E /* FrameworkV1 */,
			);
		};
/* End PBXProject section */

/* Begin PBXResourcesBuildPhase section */
		D4E3EA281CC8A52B00A7987E /* Resources */ = {
			isa = PBXResourcesBuildPhase;
			buildActionMask = 2147483647;
			files = (
				D4E3EA3D1CC8A52B00A7987E /* LaunchScreen.storyboard in Resources */,
				D4E3EA3A1CC8A52B00A7987E /* Assets.xcassets in Resources */,
				D4E3EA381CC8A52B00A7987E /* Main.storyboard in Resources */,
			);
			runOnlyForDeploymentPostprocessing = 0;
		};
/* End PBXResourcesBuildPhase section */

/* Begin PBXSourcesBuildPhase section */
		D4E3EA261CC8A52B00A7987E /* Sources */ = {
			isa = PBXSourcesBuildPhase;
			buildActionMask = 2147483647;
			files = (
				D4D5CF251CD0C53700CD1860 /* DBSQL.m in Sources */,
				D4E3EAA11CC8C39200A7987E /* HTTPDownloadConnection.m in Sources */,
				D4D5CAC51CD0AD7400CD1860 /* GzipDecompressor.m in Sources */,
				D4D5CF231CD0C53700CD1860 /* DBLog.m in Sources */,
				D4E3EAA01CC8C39200A7987E /* HTTPConnectionResumeStorage.m in Sources */,
				D4E3EA351CC8A52B00A7987E /* ViewController.m in Sources */,
				D4D5CAC41CD0AD7400CD1860 /* DeflateDecompressor.m in Sources */,
				D4E3EA821CC8C34F00A7987E /* HTTPConnectionInputStream+HTTPMultipartForm.m in Sources */,
				D4D5CF291CD0C53700CD1860 /* DataBaseTable.m in Sources */,
				D4E3EA321CC8A52B00A7987E /* AppDelegate.m in Sources */,
				D401E9F21CD1DE1200599E0B /* XMLSprite.m in Sources */,
				D4D5CAC21CD0AD7400CD1860 /* GzipCompressor.m in Sources */,
				D4D5CB031CD0BB7800CD1860 /* NotificationObservingSet.m in Sources */,
				D4D5CF281CD0C53700CD1860 /* DBSQL_Extension.m in Sources */,
				D4D5CF2E1CD0C53700CD1860 /* SPTaskConfiguration.m in Sources */,
				D4E3EAA71CC8C39200A7987E /* NSURLSessionTask+Delegate.m in Sources */,
				D4D5CB051CD0BB7800CD1860 /* NSObject+Delegate.m in Sources */,
				D4E3EAA41CC8C39200A7987E /* HTTPConnectionInputStreamChunk.m in Sources */,
				D4D5CF331CD0C53700CD1860 /* SPTaskServiceProvider.m in Sources */,
				D4E3EAA51CC8C39200A7987E /* HTTPUploadConnection.m in Sources */,
				D4E3EAA31CC8C39200A7987E /* HTTPConnectionInputStream.m in Sources */,
				D4D5CF2F1CD0C53700CD1860 /* SPTaskBackgroundPool.m in Sources */,
				D4D5CF2D1CD0C53700CD1860 /* TaskingTask.m in Sources */,
				D4D5CF241CD0C53700CD1860 /* DBMachine.m in Sources */,
				D4E3EABF1CC8DCAC00A7987E /* NSData+AES.m in Sources */,
				D4D5CF4B1CD0C69000CD1860 /* IPRouteTraceCenter.m in Sources */,
				D4E3EAAB1CC8C6F600A7987E /* HTTPMultipartFormPartContentDisposition.m in Sources */,
				D4E3EA801CC8C34F00A7987E /* HTTPMultipartFormEntity.m in Sources */,
				D4D5CF4A1CD0C69000CD1860 /* IPRouteItem.m in Sources */,
				D4E3EAB31CC8DA6B00A7987E /* NSString+URLEncode.m in Sources */,
				D401E9F31CD1DE1200599E0B /* XMLSpriteSerialize.m in Sources */,
				D401E9F11CD1DE1200599E0B /* XMLUtility.m in Sources */,
				D401E9F01CD1DE1200599E0B /* NSCoder+DataedEncoding.m in Sources */,
				D4E3EAA21CC8C39200A7987E /* HTTPConnection.m in Sources */,
				D4D5CF211CD0C53700CD1860 /* DBDefine.m in Sources */,
				D4E3EA831CC8C34F00A7987E /* HTTPMultipartFormEntity+HTTPConnectionInputStreamChunk.m in Sources */,
				D4D5CF491CD0C69000CD1860 /* IPRouteTraceHandle.m in Sources */,
				D401E9DC1CD1BD6900599E0B /* NSDictionary+KeyValue.m in Sources */,
				D4D5CF361CD0C53700CD1860 /* SPTaskQueue.m in Sources */,
				D4D5CF371CD0C53700CD1860 /* SPTaskDispatcher.m in Sources */,
				D4D5CF311CD0C53700CD1860 /* SPTaskFreePool.m in Sources */,
				D4E3EAA61CC8C39200A7987E /* HTTPSession.m in Sources */,
				D4D5CF351CD0C53700CD1860 /* SPTaskBlockLoader.m in Sources */,
				D4D5CAC01CD0AD7400CD1860 /* DataCompressor.m in Sources */,
				D4E3EA2F1CC8A52B00A7987E /* main.m in Sources */,
				D4D5CB021CD0BB7800CD1860 /* NotificationObserver.m in Sources */,
				D401E9D91CD1BD5D00599E0B /* NSString+KeyValue.m in Sources */,
				D401E9EF1CD1DE1200599E0B /* JsonSerialize.m in Sources */,
				D4D5CF261CD0C53700CD1860 /* DBTable.m in Sources */,
				D4D5CF221CD0C53700CD1860 /* DBHandle.m in Sources */,
				D4E3EA9F1CC8C39200A7987E /* HTTPDataConnection.m in Sources */,
				D4E3EAC51CC8DE8000A7987E /* NSFileHandle+MD5.m in Sources */,
				D4D5CAC31CD0AD7400CD1860 /* DataDecompressor.m in Sources */,
				D4D5CF4D1CD0C69000CD1860 /* IPRouteTracer.m in Sources */,
				D4D5CB011CD0BB7800CD1860 /* NotificationBlockLoader.m in Sources */,
				D4D5CF321CD0C53700CD1860 /* SPTaskPool.m in Sources */,
				D4D5CAC11CD0AD7400CD1860 /* DeflateCompressor.m in Sources */,
				D4D5CF271CD0C53700CD1860 /* DBFormat.m in Sources */,
				D401E9D61CD1BD0300599E0B /* NSString+Character.m in Sources */,
				D401E9FA1CD1E0FA00599E0B /* FileListener.m in Sources */,
				D4D5CF341CD0C53700CD1860 /* SPTask.m in Sources */,
				D4D5CF2B1CD0C53700CD1860 /* BlockTask.m in Sources */,
				D4D5CF301CD0C53700CD1860 /* SPTaskDaemonPool.m in Sources */,
				D4E3EAC21CC8DD1500A7987E /* NSData+MD5.m in Sources */,
				D4D5CF2C1CD0C53700CD1860 /* FoundationTask.m in Sources */,
				D4D5CF2A1CD0C53700CD1860 /* DataBaseUnit.m in Sources */,
				D4D5CF4C1CD0C69000CD1860 /* IPRouteTraceObserver.m in Sources */,
				D4D5CEDF1CD0BC6800CD1860 /* StateMachine.m in Sources */,
			);
			runOnlyForDeploymentPostprocessing = 0;
		};
/* End PBXSourcesBuildPhase section */

/* Begin PBXVariantGroup section */
		D4E3EA361CC8A52B00A7987E /* Main.storyboard */ = {
			isa = PBXVariantGroup;
			children = (
				D4E3EA371CC8A52B00A7987E /* Base */,
			);
			name = Main.storyboard;
			sourceTree = "<group>";
		};
		D4E3EA3B1CC8A52B00A7987E /* LaunchScreen.storyboard */ = {
			isa = PBXVariantGroup;
			children = (
				D4E3EA3C1CC8A52B00A7987E /* Base */,
			);
			name = LaunchScreen.storyboard;
			sourceTree = "<group>";
		};
/* End PBXVariantGroup section */

/* Begin XCBuildConfiguration section */
		D4E3EA3F1CC8A52B00A7987E /* Debug */ = {
			isa = XCBuildConfiguration;
			buildSettings = {
				ALWAYS_SEARCH_USER_PATHS = NO;
				CLANG_ANALYZER_NONNULL = YES;
				CLANG_CXX_LANGUAGE_STANDARD = "gnu++0x";
				CLANG_CXX_LIBRARY = "libc++";
				CLANG_ENABLE_MODULES = YES;
				CLANG_ENABLE_OBJC_ARC = YES;
				CLANG_WARN_BOOL_CONVERSION = YES;
				CLANG_WARN_CONSTANT_CONVERSION = YES;
				CLANG_WARN_DIRECT_OBJC_ISA_USAGE = YES_ERROR;
				CLANG_WARN_EMPTY_BODY = YES;
				CLANG_WARN_ENUM_CONVERSION = YES;
				CLANG_WARN_INT_CONVERSION = YES;
				CLANG_WARN_OBJC_ROOT_CLASS = YES_ERROR;
				CLANG_WARN_UNREACHABLE_CODE = YES;
				CLANG_WARN__DUPLICATE_METHOD_MATCH = YES;
				"CODE_SIGN_IDENTITY[sdk=iphoneos*]" = "iPhone Developer";
				COPY_PHASE_STRIP = NO;
				DEBUG_INFORMATION_FORMAT = dwarf;
				ENABLE_STRICT_OBJC_MSGSEND = YES;
				ENABLE_TESTABILITY = YES;
				GCC_C_LANGUAGE_STANDARD = gnu99;
				GCC_DYNAMIC_NO_PIC = NO;
				GCC_NO_COMMON_BLOCKS = YES;
				GCC_OPTIMIZATION_LEVEL = 0;
				GCC_PREPROCESSOR_DEFINITIONS = (
					"DEBUG=1",
					"$(inherited)",
				);
				GCC_WARN_64_TO_32_BIT_CONVERSION = YES;
				GCC_WARN_ABOUT_RETURN_TYPE = YES_ERROR;
				GCC_WARN_UNDECLARED_SELECTOR = YES;
				GCC_WARN_UNINITIALIZED_AUTOS = YES_AGGRESSIVE;
				GCC_WARN_UNUSED_FUNCTION = YES;
				GCC_WARN_UNUSED_VARIABLE = YES;
				IPHONEOS_DEPLOYMENT_TARGET = 9.3;
				MTL_ENABLE_DEBUG_INFO = YES;
				ONLY_ACTIVE_ARCH = YES;
				SDKROOT = iphoneos;
			};
			name = Debug;
		};
		D4E3EA401CC8A52B00A7987E /* Release */ = {
			isa = XCBuildConfiguration;
			buildSettings = {
				ALWAYS_SEARCH_USER_PATHS = NO;
				CLANG_ANALYZER_NONNULL = YES;
				CLANG_CXX_LANGUAGE_STANDARD = "gnu++0x";
				CLANG_CXX_LIBRARY = "libc++";
				CLANG_ENABLE_MODULES = YES;
				CLANG_ENABLE_OBJC_ARC = YES;
				CLANG_WARN_BOOL_CONVERSION = YES;
				CLANG_WARN_CONSTANT_CONVERSION = YES;
				CLANG_WARN_DIRECT_OBJC_ISA_USAGE = YES_ERROR;
				CLANG_WARN_EMPTY_BODY = YES;
				CLANG_WARN_ENUM_CONVERSION = YES;
				CLANG_WARN_INT_CONVERSION = YES;
				CLANG_WARN_OBJC_ROOT_CLASS = YES_ERROR;
				CLANG_WARN_UNREACHABLE_CODE = YES;
				CLANG_WARN__DUPLICATE_METHOD_MATCH = YES;
				"CODE_SIGN_IDENTITY[sdk=iphoneos*]" = "iPhone Developer";
				COPY_PHASE_STRIP = NO;
				DEBUG_INFORMATION_FORMAT = "dwarf-with-dsym";
				ENABLE_NS_ASSERTIONS = NO;
				ENABLE_STRICT_OBJC_MSGSEND = YES;
				GCC_C_LANGUAGE_STANDARD = gnu99;
				GCC_NO_COMMON_BLOCKS = YES;
				GCC_WARN_64_TO_32_BIT_CONVERSION = YES;
				GCC_WARN_ABOUT_RETURN_TYPE = YES_ERROR;
				GCC_WARN_UNDECLARED_SELECTOR = YES;
				GCC_WARN_UNINITIALIZED_AUTOS = YES_AGGRESSIVE;
				GCC_WARN_UNUSED_FUNCTION = YES;
				GCC_WARN_UNUSED_VARIABLE = YES;
				IPHONEOS_DEPLOYMENT_TARGET = 9.3;
				MTL_ENABLE_DEBUG_INFO = NO;
				SDKROOT = iphoneos;
				VALIDATE_PRODUCT = YES;
			};
			name = Release;
		};
		D4E3EA421CC8A52B00A7987E /* Debug */ = {
			isa = XCBuildConfiguration;
			buildSettings = {
				ASSETCATALOG_COMPILER_APPICON_NAME = AppIcon;
				HEADER_SEARCH_PATHS = /usr/include/libxml2/;
				INFOPLIST_FILE = FrameworkV1/Info.plist;
				LD_RUNPATH_SEARCH_PATHS = "$(inherited) @executable_path/Frameworks";
				PRODUCT_BUNDLE_IDENTIFIER = WW.FrameworkV1;
				PRODUCT_NAME = "$(TARGET_NAME)";
			};
			name = Debug;
		};
		D4E3EA431CC8A52B00A7987E /* Release */ = {
			isa = XCBuildConfiguration;
			buildSettings = {
				ASSETCATALOG_COMPILER_APPICON_NAME = AppIcon;
				HEADER_SEARCH_PATHS = /usr/include/libxml2/;
				INFOPLIST_FILE = FrameworkV1/Info.plist;
				LD_RUNPATH_SEARCH_PATHS = "$(inherited) @executable_path/Frameworks";
				PRODUCT_BUNDLE_IDENTIFIER = WW.FrameworkV1;
				PRODUCT_NAME = "$(TARGET_NAME)";
			};
			name = Release;
		};
/* End XCBuildConfiguration section */

/* Begin XCConfigurationList section */
		D4E3EA251CC8A52B00A7987E /* Build configuration list for PBXProject "FrameworkV1" */ = {
			isa = XCConfigurationList;
			buildConfigurations = (
				D4E3EA3F1CC8A52B00A7987E /* Debug */,
				D4E3EA401CC8A52B00A7987E /* Release */,
			);
			defaultConfigurationIsVisible = 0;
			defaultConfigurationName = Release;
		};
		D4E3EA411CC8A52B00A7987E /* Build configuration list for PBXNativeTarget "FrameworkV1" */ = {
			isa = XCConfigurationList;
			buildConfigurations = (
				D4E3EA421CC8A52B00A7987E /* Debug */,
				D4E3EA431CC8A52B00A7987E /* Release */,
			);
			defaultConfigurationIsVisible = 0;
			defaultConfigurationName = Release;
		};
/* End XCConfigurationList section */
	};
	rootObject = D4E3EA221CC8A52B00A7987E /* Project object */;
}
